// !$*UTF8*$!
{
	archiveVersion = 1;
	classes = {
	};
	objectVersion = 56;
	objects = {

/* Begin PBXBuildFile section */
		EBA710F52C196B65008B136E /* CheckworkMusicAPIApp.swift in Sources */ = {isa = PBXBuildFile; fileRef = EBA710F42C196B65008B136E /* CheckworkMusicAPIApp.swift */; };
		EBA710F72C196B65008B136E /* ContentView.swift in Sources */ = {isa = PBXBuildFile; fileRef = EBA710F62C196B65008B136E /* ContentView.swift */; };
		EBA710F92C196B66008B136E /* Assets.xcassets in Resources */ = {isa = PBXBuildFile; fileRef = EBA710F82C196B66008B136E /* Assets.xcassets */; };
		EBA710FC2C196B66008B136E /* Preview Assets.xcassets in Resources */ = {isa = PBXBuildFile; fileRef = EBA710FB2C196B66008B136E /* Preview Assets.xcassets */; };
		EBA711042C196E28008B136E /* Music.swift in Sources */ = {isa = PBXBuildFile; fileRef = EBA711032C196E28008B136E /* Music.swift */; };
		EBA7110B2C196F9D008B136E /* MusicListView.swift in Sources */ = {isa = PBXBuildFile; fileRef = EBA7110A2C196F9D008B136E /* MusicListView.swift */; };
		EBA7110D2C197746008B136E /* SearchBar.swift in Sources */ = {isa = PBXBuildFile; fileRef = EBA7110C2C197746008B136E /* SearchBar.swift */; };
		EBA7110F2C197BB7008B136E /* MusicRepository.swift in Sources */ = {isa = PBXBuildFile; fileRef = EBA7110E2C197BB7008B136E /* MusicRepository.swift */; };
		EBA711122C197EC1008B136E /* MusicDataStore.swift in Sources */ = {isa = PBXBuildFile; fileRef = EBA711112C197EC1008B136E /* MusicDataStore.swift */; };
/* End PBXBuildFile section */

/* Begin PBXFileReference section */
		EBA710F12C196B65008B136E /* CheckworkMusicAPI.app */ = {isa = PBXFileReference; explicitFileType = wrapper.application; includeInIndex = 0; path = CheckworkMusicAPI.app; sourceTree = BUILT_PRODUCTS_DIR; };
		EBA710F42C196B65008B136E /* CheckworkMusicAPIApp.swift */ = {isa = PBXFileReference; lastKnownFileType = sourcecode.swift; path = CheckworkMusicAPIApp.swift; sourceTree = "<group>"; };
		EBA710F62C196B65008B136E /* ContentView.swift */ = {isa = PBXFileReference; lastKnownFileType = sourcecode.swift; path = ContentView.swift; sourceTree = "<group>"; };
		EBA710F82C196B66008B136E /* Assets.xcassets */ = {isa = PBXFileReference; lastKnownFileType = folder.assetcatalog; path = Assets.xcassets; sourceTree = "<group>"; };
		EBA710FB2C196B66008B136E /* Preview Assets.xcassets */ = {isa = PBXFileReference; lastKnownFileType = folder.assetcatalog; path = "Preview Assets.xcassets"; sourceTree = "<group>"; };
		EBA711032C196E28008B136E /* Music.swift */ = {isa = PBXFileReference; lastKnownFileType = sourcecode.swift; path = Music.swift; sourceTree = "<group>"; };
		EBA7110A2C196F9D008B136E /* MusicListView.swift */ = {isa = PBXFileReference; lastKnownFileType = sourcecode.swift; path = MusicListView.swift; sourceTree = "<group>"; };
		EBA7110C2C197746008B136E /* SearchBar.swift */ = {isa = PBXFileReference; lastKnownFileType = sourcecode.swift; path = SearchBar.swift; sourceTree = "<group>"; };
		EBA7110E2C197BB7008B136E /* MusicRepository.swift */ = {isa = PBXFileReference; lastKnownFileType = sourcecode.swift; path = MusicRepository.swift; sourceTree = "<group>"; };
		EBA711112C197EC1008B136E /* MusicDataStore.swift */ = {isa = PBXFileReference; lastKnownFileType = sourcecode.swift; path = MusicDataStore.swift; sourceTree = "<group>"; };
/* End PBXFileReference section */

/* Begin PBXFrameworksBuildPhase section */
		EBA710EE2C196B65008B136E /* Frameworks */ = {
			isa = PBXFrameworksBuildPhase;
			buildActionMask = 2147483647;
			files = (
			);
			runOnlyForDeploymentPostprocessing = 0;
		};
/* End PBXFrameworksBuildPhase section */

/* Begin PBXGroup section */
		EBA710E82C196B65008B136E = {
			isa = PBXGroup;
			children = (
				EBA710F32C196B65008B136E /* CheckworkMusicAPI */,
				EBA710F22C196B65008B136E /* Products */,
			);
			sourceTree = "<group>";
		};
		EBA710F22C196B65008B136E /* Products */ = {
			isa = PBXGroup;
			children = (
				EBA710F12C196B65008B136E /* CheckworkMusicAPI.app */,
			);
			name = Products;
			sourceTree = "<group>";
		};
		EBA710F32C196B65008B136E /* CheckworkMusicAPI */ = {
			isa = PBXGroup;
			children = (
				EBA710F42C196B65008B136E /* CheckworkMusicAPIApp.swift */,
				EBA710F62C196B65008B136E /* ContentView.swift */,
				EBA711062C196EA7008B136E /* View */,
				EBA711052C196E74008B136E /* Model */,
				EBA710F82C196B66008B136E /* Assets.xcassets */,
				EBA710FA2C196B66008B136E /* Preview Content */,
			);
			path = CheckworkMusicAPI;
			sourceTree = "<group>";
		};
		EBA710FA2C196B66008B136E /* Preview Content */ = {
			isa = PBXGroup;
			children = (
				EBA710FB2C196B66008B136E /* Preview Assets.xcassets */,
			);
			path = "Preview Content";
			sourceTree = "<group>";
		};
		EBA711022C196E10008B136E /* Entity */ = {
			isa = PBXGroup;
			children = (
				EBA711032C196E28008B136E /* Music.swift */,
			);
			path = Entity;
			sourceTree = "<group>";
		};
		EBA711052C196E74008B136E /* Model */ = {
			isa = PBXGroup;
			children = (
				EBA711102C197EA8008B136E /* DataStore */,
				EBA711072C196EB7008B136E /* Repository */,
				EBA711022C196E10008B136E /* Entity */,
			);
			path = Model;
			sourceTree = "<group>";
		};
		EBA711062C196EA7008B136E /* View */ = {
			isa = PBXGroup;
			children = (
				EBA7110A2C196F9D008B136E /* MusicListView.swift */,
				EBA7110C2C197746008B136E /* SearchBar.swift */,
			);
			path = View;
			sourceTree = "<group>";
		};
		EBA711072C196EB7008B136E /* Repository */ = {
			isa = PBXGroup;
			children = (
				EBA7110E2C197BB7008B136E /* MusicRepository.swift */,
			);
			path = Repository;
			sourceTree = "<group>";
		};
		EBA711102C197EA8008B136E /* DataStore */ = {
			isa = PBXGroup;
			children = (
				EBA711112C197EC1008B136E /* MusicDataStore.swift */,
			);
			path = DataStore;
			sourceTree = "<group>";
		};
/* End PBXGroup section */

/* Begin PBXNativeTarget section */
		EBA710F02C196B65008B136E /* CheckworkMusicAPI */ = {
			isa = PBXNativeTarget;
			buildConfigurationList = EBA710FF2C196B66008B136E /* Build configuration list for PBXNativeTarget "CheckworkMusicAPI" */;
			buildPhases = (
				EBA710ED2C196B65008B136E /* Sources */,
				EBA710EE2C196B65008B136E /* Frameworks */,
				EBA710EF2C196B65008B136E /* Resources */,
			);
			buildRules = (
			);
			dependencies = (
			);
			name = CheckworkMusicAPI;
			productName = CheckworkMusicAPI;
			productReference = EBA710F12C196B65008B136E /* CheckworkMusicAPI.app */;
			productType = "com.apple.product-type.application";
		};
/* End PBXNativeTarget section */

/* Begin PBXProject section */
		EBA710E92C196B65008B136E /* Project object */ = {
			isa = PBXProject;
			attributes = {
				BuildIndependentTargetsInParallel = 1;
				LastSwiftUpdateCheck = 1520;
				LastUpgradeCheck = 1520;
				TargetAttributes = {
					EBA710F02C196B65008B136E = {
						CreatedOnToolsVersion = 15.2;
					};
				};
			};
			buildConfigurationList = EBA710EC2C196B65008B136E /* Build configuration list for PBXProject "CheckworkMusicAPI" */;
			compatibilityVersion = "Xcode 14.0";
			developmentRegion = en;
			hasScannedForEncodings = 0;
			knownRegions = (
				en,
				Base,
			);
			mainGroup = EBA710E82C196B65008B136E;
			productRefGroup = EBA710F22C196B65008B136E /* Products */;
			projectDirPath = "";
			projectRoot = "";
			targets = (
				EBA710F02C196B65008B136E /* CheckworkMusicAPI */,
			);
		};
/* End PBXProject section */

/* Begin PBXResourcesBuildPhase section */
		EBA710EF2C196B65008B136E /* Resources */ = {
			isa = PBXResourcesBuildPhase;
			buildActionMask = 2147483647;
			files = (
				EBA710FC2C196B66008B136E /* Preview Assets.xcassets in Resources */,
				EBA710F92C196B66008B136E /* Assets.xcassets in Resources */,
			);
			runOnlyForDeploymentPostprocessing = 0;
		};
/* End PBXResourcesBuildPhase section */

/* Begin PBXSourcesBuildPhase section */
		EBA710ED2C196B65008B136E /* Sources */ = {
			isa = PBXSourcesBuildPhase;
			buildActionMask = 2147483647;
			files = (
				EBA710F72C196B65008B136E /* ContentView.swift in Sources */,
				EBA7110F2C197BB7008B136E /* MusicRepository.swift in Sources */,
				EBA710F52C196B65008B136E /* CheckworkMusicAPIApp.swift in Sources */,
				EBA711122C197EC1008B136E /* MusicDataStore.swift in Sources */,
				EBA7110D2C197746008B136E /* SearchBar.swift in Sources */,
				EBA7110B2C196F9D008B136E /* MusicListView.swift in Sources */,
				EBA711042C196E28008B136E /* Music.swift in Sources */,
			);
			runOnlyForDeploymentPostprocessing = 0;
		};
/* End PBXSourcesBuildPhase section */

/* Begin XCBuildConfiguration section */
		EBA710FD2C196B66008B136E /* Debug */ = {
			isa = XCBuildConfiguration;
			buildSettings = {
				ALWAYS_SEARCH_USER_PATHS = NO;
				ASSETCATALOG_COMPILER_GENERATE_SWIFT_ASSET_SYMBOL_EXTENSIONS = YES;
				CLANG_ANALYZER_NONNULL = YES;
				CLANG_ANALYZER_NUMBER_OBJECT_CONVERSION = YES_AGGRESSIVE;
				CLANG_CXX_LANGUAGE_STANDARD = "gnu++20";
				CLANG_ENABLE_MODULES = YES;
				CLANG_ENABLE_OBJC_ARC = YES;
				CLANG_ENABLE_OBJC_WEAK = YES;
				CLANG_WARN_BLOCK_CAPTURE_AUTORELEASING = YES;
				CLANG_WARN_BOOL_CONVERSION = YES;
				CLANG_WARN_COMMA = YES;
				CLANG_WARN_CONSTANT_CONVERSION = YES;
				CLANG_WARN_DEPRECATED_OBJC_IMPLEMENTATIONS = YES;
				CLANG_WARN_DIRECT_OBJC_ISA_USAGE = YES_ERROR;
				CLANG_WARN_DOCUMENTATION_COMMENTS = YES;
				CLANG_WARN_EMPTY_BODY = YES;
				CLANG_WARN_ENUM_CONVERSION = YES;
				CLANG_WARN_INFINITE_RECURSION = YES;
				CLANG_WARN_INT_CONVERSION = YES;
				CLANG_WARN_NON_LITERAL_NULL_CONVERSION = YES;
				CLANG_WARN_OBJC_IMPLICIT_RETAIN_SELF = YES;
				CLANG_WARN_OBJC_LITERAL_CONVERSION = YES;
				CLANG_WARN_OBJC_ROOT_CLASS = YES_ERROR;
				CLANG_WARN_QUOTED_INCLUDE_IN_FRAMEWORK_HEADER = YES;
				CLANG_WARN_RANGE_LOOP_ANALYSIS = YES;
				CLANG_WARN_STRICT_PROTOTYPES = YES;
				CLANG_WARN_SUSPICIOUS_MOVE = YES;
				CLANG_WARN_UNGUARDED_AVAILABILITY = YES_AGGRESSIVE;
				CLANG_WARN_UNREACHABLE_CODE = YES;
				CLANG_WARN__DUPLICATE_METHOD_MATCH = YES;
				COPY_PHASE_STRIP = NO;
				DEBUG_INFORMATION_FORMAT = dwarf;
				ENABLE_STRICT_OBJC_MSGSEND = YES;
				ENABLE_TESTABILITY = YES;
				ENABLE_USER_SCRIPT_SANDBOXING = YES;
				GCC_C_LANGUAGE_STANDARD = gnu17;
				GCC_DYNAMIC_NO_PIC = NO;
				GCC_NO_COMMON_BLOCKS = YES;
				GCC_OPTIMIZATION_LEVEL = 0;
				GCC_PREPROCESSOR_DEFINITIONS = (
					"DEBUG=1",
					"$(inherited)",
				);
				GCC_WARN_64_TO_32_BIT_CONVERSION = YES;
				GCC_WARN_ABOUT_RETURN_TYPE = YES_ERROR;
				GCC_WARN_UNDECLARED_SELECTOR = YES;
				GCC_WARN_UNINITIALIZED_AUTOS = YES_AGGRESSIVE;
				GCC_WARN_UNUSED_FUNCTION = YES;
				GCC_WARN_UNUSED_VARIABLE = YES;
				IPHONEOS_DEPLOYMENT_TARGET = 17.2;
				LOCALIZATION_PREFERS_STRING_CATALOGS = YES;
				MTL_ENABLE_DEBUG_INFO = INCLUDE_SOURCE;
				MTL_FAST_MATH = YES;
				ONLY_ACTIVE_ARCH = YES;
				SDKROOT = iphoneos;
				SWIFT_ACTIVE_COMPILATION_CONDITIONS = "DEBUG $(inherited)";
				SWIFT_OPTIMIZATION_LEVEL = "-Onone";
			};
			name = Debug;
		};
		EBA710FE2C196B66008B136E /* Release */ = {
			isa = XCBuildConfiguration;
			buildSettings = {
				ALWAYS_SEARCH_USER_PATHS = NO;
				ASSETCATALOG_COMPILER_GENERATE_SWIFT_ASSET_SYMBOL_EXTENSIONS = YES;
				CLANG_ANALYZER_NONNULL = YES;
				CLANG_ANALYZER_NUMBER_OBJECT_CONVERSION = YES_AGGRESSIVE;
				CLANG_CXX_LANGUAGE_STANDARD = "gnu++20";
				CLANG_ENABLE_MODULES = YES;
				CLANG_ENABLE_OBJC_ARC = YES;
				CLANG_ENABLE_OBJC_WEAK = YES;
				CLANG_WARN_BLOCK_CAPTURE_AUTORELEASING = YES;
				CLANG_WARN_BOOL_CONVERSION = YES;
				CLANG_WARN_COMMA = YES;
				CLANG_WARN_CONSTANT_CONVERSION = YES;
				CLANG_WARN_DEPRECATED_OBJC_IMPLEMENTATIONS = YES;
				CLANG_WARN_DIRECT_OBJC_ISA_USAGE = YES_ERROR;
				CLANG_WARN_DOCUMENTATION_COMMENTS = YES;
				CLANG_WARN_EMPTY_BODY = YES;
				CLANG_WARN_ENUM_CONVERSION = YES;
				CLANG_WARN_INFINITE_RECURSION = YES;
				CLANG_WARN_INT_CONVERSION = YES;
				CLANG_WARN_NON_LITERAL_NULL_CONVERSION = YES;
				CLANG_WARN_OBJC_IMPLICIT_RETAIN_SELF = YES;
				CLANG_WARN_OBJC_LITERAL_CONVERSION = YES;
				CLANG_WARN_OBJC_ROOT_CLASS = YES_ERROR;
				CLANG_WARN_QUOTED_INCLUDE_IN_FRAMEWORK_HEADER = YES;
				CLANG_WARN_RANGE_LOOP_ANALYSIS = YES;
				CLANG_WARN_STRICT_PROTOTYPES = YES;
				CLANG_WARN_SUSPICIOUS_MOVE = YES;
				CLANG_WARN_UNGUARDED_AVAILABILITY = YES_AGGRESSIVE;
				CLANG_WARN_UNREACHABLE_CODE = YES;
				CLANG_WARN__DUPLICATE_METHOD_MATCH = YES;
				COPY_PHASE_STRIP = NO;
				DEBUG_INFORMATION_FORMAT = "dwarf-with-dsym";
				ENABLE_NS_ASSERTIONS = NO;
				ENABLE_STRICT_OBJC_MSGSEND = YES;
				ENABLE_USER_SCRIPT_SANDBOXING = YES;
				GCC_C_LANGUAGE_STANDARD = gnu17;
				GCC_NO_COMMON_BLOCKS = YES;
				GCC_WARN_64_TO_32_BIT_CONVERSION = YES;
				GCC_WARN_ABOUT_RETURN_TYPE = YES_ERROR;
				GCC_WARN_UNDECLARED_SELECTOR = YES;
				GCC_WARN_UNINITIALIZED_AUTOS = YES_AGGRESSIVE;
				GCC_WARN_UNUSED_FUNCTION = YES;
				GCC_WARN_UNUSED_VARIABLE = YES;
				IPHONEOS_DEPLOYMENT_TARGET = 17.2;
				LOCALIZATION_PREFERS_STRING_CATALOGS = YES;
				MTL_ENABLE_DEBUG_INFO = NO;
				MTL_FAST_MATH = YES;
				SDKROOT = iphoneos;
				SWIFT_COMPILATION_MODE = wholemodule;
				VALIDATE_PRODUCT = YES;
			};
			name = Release;
		};
		EBA711002C196B66008B136E /* Debug */ = {
			isa = XCBuildConfiguration;
			buildSettings = {
				ASSETCATALOG_COMPILER_APPICON_NAME = AppIcon;
				ASSETCATALOG_COMPILER_GLOBAL_ACCENT_COLOR_NAME = AccentColor;
				CODE_SIGN_STYLE = Automatic;
				CURRENT_PROJECT_VERSION = 1;
				DEVELOPMENT_ASSET_PATHS = "\"CheckworkMusicAPI/Preview Content\"";
				DEVELOPMENT_TEAM = 5VXR3TJUR7;
				ENABLE_PREVIEWS = YES;
				GENERATE_INFOPLIST_FILE = YES;
				INFOPLIST_KEY_UIApplicationSceneManifest_Generation = YES;
				INFOPLIST_KEY_UIApplicationSupportsIndirectInputEvents = YES;
				INFOPLIST_KEY_UILaunchScreen_Generation = YES;
				INFOPLIST_KEY_UISupportedInterfaceOrientations_iPad = "UIInterfaceOrientationPortrait UIInterfaceOrientationPortraitUpsideDown UIInterfaceOrientationLandscapeLeft UIInterfaceOrientationLandscapeRight";
				INFOPLIST_KEY_UISupportedInterfaceOrientations_iPhone = "UIInterfaceOrientationPortrait UIInterfaceOrientationLandscapeLeft UIInterfaceOrientationLandscapeRight";
				LD_RUNPATH_SEARCH_PATHS = (
					"$(inherited)",
					"@executable_path/Frameworks",
				);
				MARKETING_VERSION = 1.0;
				PRODUCT_BUNDLE_IDENTIFIER = app.myoji.nickname.CheckworkMusicAPI;
				PRODUCT_NAME = "$(TARGET_NAME)";
				SWIFT_EMIT_LOC_STRINGS = YES;
				SWIFT_VERSION = 5.0;
				TARGETED_DEVICE_FAMILY = "1,2";
			};
			name = Debug;
		};
		EBA711012C196B66008B136E /* Release */ = {
			isa = XCBuildConfiguration;
			buildSettings = {
				ASSETCATALOG_COMPILER_APPICON_NAME = AppIcon;
				ASSETCATALOG_COMPILER_GLOBAL_ACCENT_COLOR_NAME = AccentColor;
				CODE_SIGN_STYLE = Automatic;
				CURRENT_PROJECT_VERSION = 1;
				DEVELOPMENT_ASSET_PATHS = "\"CheckworkMusicAPI/Preview Content\"";
				DEVELOPMENT_TEAM = 5VXR3TJUR7;
				ENABLE_PREVIEWS = YES;
				GENERATE_INFOPLIST_FILE = YES;
				INFOPLIST_KEY_UIApplicationSceneManifest_Generation = YES;
				INFOPLIST_KEY_UIApplicationSupportsIndirectInputEvents = YES;
				INFOPLIST_KEY_UILaunchScreen_Generation = YES;
				INFOPLIST_KEY_UISupportedInterfaceOrientations_iPad = "UIInterfaceOrientationPortrait UIInterfaceOrientationPortraitUpsideDown UIInterfaceOrientationLandscapeLeft UIInterfaceOrientationLandscapeRight";
				INFOPLIST_KEY_UISupportedInterfaceOrientations_iPhone = "UIInterfaceOrientationPortrait UIInterfaceOrientationLandscapeLeft UIInterfaceOrientationLandscapeRight";
				LD_RUNPATH_SEARCH_PATHS = (
					"$(inherited)",
					"@executable_path/Frameworks",
				);
				MARKETING_VERSION = 1.0;
				PRODUCT_BUNDLE_IDENTIFIER = app.myoji.nickname.CheckworkMusicAPI;
				PRODUCT_NAME = "$(TARGET_NAME)";
				SWIFT_EMIT_LOC_STRINGS = YES;
				SWIFT_VERSION = 5.0;
				TARGETED_DEVICE_FAMILY = "1,2";
			};
			name = Release;
		};
/* End XCBuildConfiguration section */

/* Begin XCConfigurationList section */
		EBA710EC2C196B65008B136E /* Build configuration list for PBXProject "CheckworkMusicAPI" */ = {
			isa = XCConfigurationList;
			buildConfigurations = (
				EBA710FD2C196B66008B136E /* Debug */,
				EBA710FE2C196B66008B136E /* Release */,
			);
			defaultConfigurationIsVisible = 0;
			defaultConfigurationName = Release;
		};
		EBA710FF2C196B66008B136E /* Build configuration list for PBXNativeTarget "CheckworkMusicAPI" */ = {
			isa = XCConfigurationList;
			buildConfigurations = (
				EBA711002C196B66008B136E /* Debug */,
				EBA711012C196B66008B136E /* Release */,
			);
			defaultConfigurationIsVisible = 0;
			defaultConfigurationName = Release;
		};
/* End XCConfigurationList section */
	};
	rootObject = EBA710E92C196B65008B136E /* Project object */;
}
